
Microsoft Visual Studio Solution File, Format Version 12.00
# Visual Studio Version 16
VisualStudioVersion = 16.0.30204.135
MinimumVisualStudioVersion = 10.0.40219.1
Project("{FAE04EC0-301F-11D3-BF4B-00C04F79EFBC}") = "GDEWebService", "GDEWebService\GDEWebService.csproj", "{DAF997C1-C6CC-4FBB-BDAB-7BD28B8438BC}"
EndProject
Global
	GlobalSection(SolutionConfigurationPlatforms) = preSolution
		Debug|Any CPU = Debug|Any CPU
		Release|Any CPU = Release|Any CPU
	EndGlobalSection
	GlobalSection(ProjectConfigurationPlatforms) = postSolution
		{DAF997C1-C6CC-4FBB-BDAB-7BD28B8438BC}.Debug|Any CPU.ActiveCfg = Debug|Any CPU
		{DAF997C1-C6CC-4FBB-BDAB-7BD28B8438BC}.Debug|Any CPU.Build.0 = Debug|Any CPU
		{DAF997C1-C6CC-4FBB-BDAB-7BD28B8438BC}.Release|Any CPU.ActiveCfg = Release|Any CPU
		{DAF997C1-C6CC-4FBB-BDAB-7BD28B8438BC}.Release|Any CPU.Build.0 = Release|Any CPU
	EndGlobalSection
	GlobalSection(SolutionProperties) = preSolution
		HideSolutionNode = FALSE
	EndGlobalSection
	GlobalSection(ExtensibilityGlobals) = postSolution
		SolutionGuid = {2407ABF9-D5A2-4EE9-95A5-ED70D5CFE9E2}
	EndGlobalSection
EndGlobal
